{
  "name": "xmexcel-view",
  "version": "1.0.0",
  "lockfileVersion": 1,
  "requires": true,
  "dependencies": {
    "bessel": {
      "version": "0.2.0",
      "resolved": "http://registry.npm.taobao.org/bessel/download/bessel-0.2.0.tgz",
      "integrity": "sha1-E8s5zSkjMhnsLacl4LoMZvtGtvI=",
      "requires": {
        "voc": "1.0.0"
      }
    },
    "crel": {
      "version": "3.1.0",
      "resolved": "http://registry.npm.taobao.org/crel/download/crel-3.1.0.tgz",
      "integrity": "sha1-wNXtPfa4AX/17MnwdDxgVy4mjGQ="
    },
    "formulajs": {
      "version": "github:handsontable/formula.js#aa9d4acc54e4e0959b70dd0f8c6019774d57498d",
      "requires": {
        "bessel": "0.2.0",
        "jStat": "1.7.1",
        "numbro": "1.11.1"
      }
    },
    "hot-formula-parser": {
      "version": "2.3.1",
      "resolved": "http://registry.npm.taobao.org/hot-formula-parser/download/hot-formula-parser-2.3.1.tgz",
      "integrity": "sha1-lIY+nnJGL8SJBkzbPHoBP+4xKAw=",
      "requires": {
        "formulajs": "github:handsontable/formula.js#aa9d4acc54e4e0959b70dd0f8c6019774d57498d",
        "tiny-emitter": "2.0.2"
      }
    },
    "jStat": {
      "version": "1.7.1",
      "resolved": "http://registry.npm.taobao.org/jStat/download/jStat-1.7.1.tgz",
      "integrity": "sha1-5jbdh9crMFwGDfzJAd4XMtFRMME="
    },
    "moment": {
      "version": "2.20.1",
      "resolved": "http://registry.npm.taobao.org/moment/download/moment-2.20.1.tgz",
      "integrity": "sha1-1usaRsvMFKKy+UNBEsH/iQfzE/0="
    },
    "numbro": {
      "version": "1.11.1",
      "resolved": "http://registry.npm.taobao.org/numbro/download/numbro-1.11.1.tgz",
      "integrity": "sha1-4Nm6Dd/DrVrAHZVYpJOD2yFPBL4="
    },
    "numeral": {
      "version": "2.0.6",
      "resolved": "http://registry.npm.taobao.org/numeral/download/numeral-2.0.6.tgz",
      "integrity": "sha1-StCAk21EPCVhrtnyGX7//iX05QY="
    },
    "pikaday": {
      "version": "1.7.0",
      "resolved": "http://registry.npm.taobao.org/pikaday/download/pikaday-1.7.0.tgz",
      "integrity": "sha1-eL8m5wn3wTW2dHYrureddaxYmrY=",
      "requires": {
        "moment": "2.20.1"
      }
    },
    "tiny-emitter": {
      "version": "2.0.2",
      "resolved": "http://registry.npm.taobao.org/tiny-emitter/download/tiny-emitter-2.0.2.tgz",
      "integrity": "sha1-gtJ0aKylrejl/R5tIrV91D69+3w="
    },
    "tinycolor2": {
      "version": "1.4.1",
      "resolved": "http://registry.npm.taobao.org/tinycolor2/download/tinycolor2-1.4.1.tgz",
      "integrity": "sha1-9PrTM0R7wLB9TcjpIJ2POaisd+g="
    },
    "voc": {
      "version": "1.0.0",
      "resolved": "http://registry.npm.taobao.org/voc/download/voc-1.0.0.tgz",
      "integrity": "sha1-VGXAzhHQiB99jjbYylhwQ/M6Ja4="
    }
  }
}
